{
  "name": "mon",
  "version": "1.0.0",
  "lockfileVersion": 3,
  "requires": true,
  "packages": {
    "": {
      "name": "mon",
      "version": "1.0.0",
      "license": "ISC",
      "devDependencies": {
        "stagewise": "^0.11.1"
      }
    },
    "node_modules/stagewise": {
      "version": "0.11.1",
      "resolved": "https://registry.npmjs.org/stagewise/-/stagewise-0.11.1.tgz",
      "integrity": "sha512-hneLwr8xtBTlyzgAfncMbMmy670+B2d+VaAHK8QLGsAIk+LlDuW3AWxYi6whCTn2aW8hvIs3vFKFzWCOYwzvAA==",
      "dev": true,
      "license": "AGPL-3.0-only",
      "bin": {
        "stagewise": "dist/index.cjs"
      }
    }
  }
}
